
Microsoft Visual Studio Solution File, Format Version 11.00
# Visual C# Express 2010
Project("{FAE04EC0-301F-11D3-BF4B-00C04F79EFBC}") = "Libra", "Libra\Libra.csproj", "{C16661A2-A917-456C-95CE-AFADD59474D7}"
EndProject
Project("{FAE04EC0-301F-11D3-BF4B-00C04F79EFBC}") = "Libra.Graphics", "Libra.Graphics\Libra.Graphics.csproj", "{F42E063A-DBE6-430D-BC88-3A88F33754FD}"
EndProject
Project("{FAE04EC0-301F-11D3-BF4B-00C04F79EFBC}") = "Libra.Compiler", "Libra.Compiler\Libra.Compiler.csproj", "{33E88FC2-87F2-41FE-8977-55DF51119156}"
EndProject
Project("{FAE04EC0-301F-11D3-BF4B-00C04F79EFBC}") = "Libra.Games", "Libra.Games\Libra.Games.csproj", "{30A200CE-BC5F-4450-BDF2-EF8A30322464}"
EndProject
Project("{FAE04EC0-301F-11D3-BF4B-00C04F79EFBC}") = "Libra.Samples.MiniCube", "Libra.Samples.MiniCube\Libra.Samples.MiniCube.csproj", "{BC120E7F-186F-4690-AABF-664AF06926E4}"
EndProject
Project("{FAE04EC0-301F-11D3-BF4B-00C04F79EFBC}") = "Libra.Graphics.SharpDX", "Libra.Graphics.SharpDX\Libra.Graphics.SharpDX.csproj", "{FAEE2668-AB77-477D-9405-26D59951501D}"
EndProject
Project("{FAE04EC0-301F-11D3-BF4B-00C04F79EFBC}") = "Libra.Games.SharpDX", "Libra.Games.SharpDX\Libra.Games.SharpDX.csproj", "{18B2993B-626D-4337-91A2-ED0239B8D843}"
EndProject
Project("{FAE04EC0-301F-11D3-BF4B-00C04F79EFBC}") = "Libra.Samples.Primitives3D", "Libra.Samples.Primitives3D\Libra.Samples.Primitives3D.csproj", "{75498FB3-D914-447A-A7A6-25CD62E63458}"
EndProject
Project("{FAE04EC0-301F-11D3-BF4B-00C04F79EFBC}") = "Libra.Samples.MiniCubeIndexed", "Libra.Samples.MiniCubeIndexed\Libra.Samples.MiniCubeIndexed.csproj", "{C51BBBBE-41F2-4AF3-AFB8-E00A0BFDC915}"
EndProject
Project("{FAE04EC0-301F-11D3-BF4B-00C04F79EFBC}") = "Libra.Input", "Libra.Input\Libra.Input.csproj", "{A2F37986-5187-4A6F-85A0-F38F66FCF786}"
EndProject
Project("{FAE04EC0-301F-11D3-BF4B-00C04F79EFBC}") = "Libra.Input.SharpDX", "Libra.Input.SharpDX\Libra.Input.SharpDX.csproj", "{AFD05BCE-8CBE-4CDB-A641-A4FA3BA678F0}"
EndProject
Global
	GlobalSection(SolutionConfigurationPlatforms) = preSolution
		Debug|Any CPU = Debug|Any CPU
		Debug|Mixed Platforms = Debug|Mixed Platforms
		Debug|x86 = Debug|x86
		Release|Any CPU = Release|Any CPU
		Release|Mixed Platforms = Release|Mixed Platforms
		Release|x86 = Release|x86
	EndGlobalSection
	GlobalSection(ProjectConfigurationPlatforms) = postSolution
		{C16661A2-A917-456C-95CE-AFADD59474D7}.Debug|Any CPU.ActiveCfg = Debug|Any CPU
		{C16661A2-A917-456C-95CE-AFADD59474D7}.Debug|Any CPU.Build.0 = Debug|Any CPU
		{C16661A2-A917-456C-95CE-AFADD59474D7}.Debug|Mixed Platforms.ActiveCfg = Debug|Any CPU
		{C16661A2-A917-456C-95CE-AFADD59474D7}.Debug|Mixed Platforms.Build.0 = Debug|Any CPU
		{C16661A2-A917-456C-95CE-AFADD59474D7}.Debug|x86.ActiveCfg = Debug|Any CPU
		{C16661A2-A917-456C-95CE-AFADD59474D7}.Release|Any CPU.ActiveCfg = Release|Any CPU
		{C16661A2-A917-456C-95CE-AFADD59474D7}.Release|Any CPU.Build.0 = Release|Any CPU
		{C16661A2-A917-456C-95CE-AFADD59474D7}.Release|Mixed Platforms.ActiveCfg = Release|Any CPU
		{C16661A2-A917-456C-95CE-AFADD59474D7}.Release|Mixed Platforms.Build.0 = Release|Any CPU
		{C16661A2-A917-456C-95CE-AFADD59474D7}.Release|x86.ActiveCfg = Release|Any CPU
		{F42E063A-DBE6-430D-BC88-3A88F33754FD}.Debug|Any CPU.ActiveCfg = Debug|Any CPU
		{F42E063A-DBE6-430D-BC88-3A88F33754FD}.Debug|Any CPU.Build.0 = Debug|Any CPU
		{F42E063A-DBE6-430D-BC88-3A88F33754FD}.Debug|Mixed Platforms.ActiveCfg = Debug|Any CPU
		{F42E063A-DBE6-430D-BC88-3A88F33754FD}.Debug|Mixed Platforms.Build.0 = Debug|Any CPU
		{F42E063A-DBE6-430D-BC88-3A88F33754FD}.Debug|x86.ActiveCfg = Debug|Any CPU
		{F42E063A-DBE6-430D-BC88-3A88F33754FD}.Release|Any CPU.ActiveCfg = Release|Any CPU
		{F42E063A-DBE6-430D-BC88-3A88F33754FD}.Release|Any CPU.Build.0 = Release|Any CPU
		{F42E063A-DBE6-430D-BC88-3A88F33754FD}.Release|Mixed Platforms.ActiveCfg = Release|Any CPU
		{F42E063A-DBE6-430D-BC88-3A88F33754FD}.Release|Mixed Platforms.Build.0 = Release|Any CPU
		{F42E063A-DBE6-430D-BC88-3A88F33754FD}.Release|x86.ActiveCfg = Release|Any CPU
		{33E88FC2-87F2-41FE-8977-55DF51119156}.Debug|Any CPU.ActiveCfg = Debug|Any CPU
		{33E88FC2-87F2-41FE-8977-55DF51119156}.Debug|Any CPU.Build.0 = Debug|Any CPU
		{33E88FC2-87F2-41FE-8977-55DF51119156}.Debug|Mixed Platforms.ActiveCfg = Debug|Any CPU
		{33E88FC2-87F2-41FE-8977-55DF51119156}.Debug|Mixed Platforms.Build.0 = Debug|Any CPU
		{33E88FC2-87F2-41FE-8977-55DF51119156}.Debug|x86.ActiveCfg = Debug|Any CPU
		{33E88FC2-87F2-41FE-8977-55DF51119156}.Release|Any CPU.ActiveCfg = Release|Any CPU
		{33E88FC2-87F2-41FE-8977-55DF51119156}.Release|Any CPU.Build.0 = Release|Any CPU
		{33E88FC2-87F2-41FE-8977-55DF51119156}.Release|Mixed Platforms.ActiveCfg = Release|Any CPU
		{33E88FC2-87F2-41FE-8977-55DF51119156}.Release|Mixed Platforms.Build.0 = Release|Any CPU
		{33E88FC2-87F2-41FE-8977-55DF51119156}.Release|x86.ActiveCfg = Release|Any CPU
		{30A200CE-BC5F-4450-BDF2-EF8A30322464}.Debug|Any CPU.ActiveCfg = Debug|Any CPU
		{30A200CE-BC5F-4450-BDF2-EF8A30322464}.Debug|Any CPU.Build.0 = Debug|Any CPU
		{30A200CE-BC5F-4450-BDF2-EF8A30322464}.Debug|Mixed Platforms.ActiveCfg = Debug|Any CPU
		{30A200CE-BC5F-4450-BDF2-EF8A30322464}.Debug|Mixed Platforms.Build.0 = Debug|Any CPU
		{30A200CE-BC5F-4450-BDF2-EF8A30322464}.Debug|x86.ActiveCfg = Debug|Any CPU
		{30A200CE-BC5F-4450-BDF2-EF8A30322464}.Release|Any CPU.ActiveCfg = Release|Any CPU
		{30A200CE-BC5F-4450-BDF2-EF8A30322464}.Release|Any CPU.Build.0 = Release|Any CPU
		{30A200CE-BC5F-4450-BDF2-EF8A30322464}.Release|Mixed Platforms.ActiveCfg = Release|Any CPU
		{30A200CE-BC5F-4450-BDF2-EF8A30322464}.Release|Mixed Platforms.Build.0 = Release|Any CPU
		{30A200CE-BC5F-4450-BDF2-EF8A30322464}.Release|x86.ActiveCfg = Release|Any CPU
		{BC120E7F-186F-4690-AABF-664AF06926E4}.Debug|Any CPU.ActiveCfg = Debug|x86
		{BC120E7F-186F-4690-AABF-664AF06926E4}.Debug|Mixed Platforms.ActiveCfg = Debug|x86
		{BC120E7F-186F-4690-AABF-664AF06926E4}.Debug|Mixed Platforms.Build.0 = Debug|x86
		{BC120E7F-186F-4690-AABF-664AF06926E4}.Debug|x86.ActiveCfg = Debug|x86
		{BC120E7F-186F-4690-AABF-664AF06926E4}.Debug|x86.Build.0 = Debug|x86
		{BC120E7F-186F-4690-AABF-664AF06926E4}.Release|Any CPU.ActiveCfg = Release|x86
		{BC120E7F-186F-4690-AABF-664AF06926E4}.Release|Mixed Platforms.ActiveCfg = Release|x86
		{BC120E7F-186F-4690-AABF-664AF06926E4}.Release|Mixed Platforms.Build.0 = Release|x86
		{BC120E7F-186F-4690-AABF-664AF06926E4}.Release|x86.ActiveCfg = Release|x86
		{BC120E7F-186F-4690-AABF-664AF06926E4}.Release|x86.Build.0 = Release|x86
		{FAEE2668-AB77-477D-9405-26D59951501D}.Debug|Any CPU.ActiveCfg = Debug|Any CPU
		{FAEE2668-AB77-477D-9405-26D59951501D}.Debug|Any CPU.Build.0 = Debug|Any CPU
		{FAEE2668-AB77-477D-9405-26D59951501D}.Debug|Mixed Platforms.ActiveCfg = Debug|Any CPU
		{FAEE2668-AB77-477D-9405-26D59951501D}.Debug|Mixed Platforms.Build.0 = Debug|Any CPU
		{FAEE2668-AB77-477D-9405-26D59951501D}.Debug|x86.ActiveCfg = Debug|Any CPU
		{FAEE2668-AB77-477D-9405-26D59951501D}.Release|Any CPU.ActiveCfg = Release|Any CPU
		{FAEE2668-AB77-477D-9405-26D59951501D}.Release|Any CPU.Build.0 = Release|Any CPU
		{FAEE2668-AB77-477D-9405-26D59951501D}.Release|Mixed Platforms.ActiveCfg = Release|Any CPU
		{FAEE2668-AB77-477D-9405-26D59951501D}.Release|Mixed Platforms.Build.0 = Release|Any CPU
		{FAEE2668-AB77-477D-9405-26D59951501D}.Release|x86.ActiveCfg = Release|Any CPU
		{18B2993B-626D-4337-91A2-ED0239B8D843}.Debug|Any CPU.ActiveCfg = Debug|Any CPU
		{18B2993B-626D-4337-91A2-ED0239B8D843}.Debug|Any CPU.Build.0 = Debug|Any CPU
		{18B2993B-626D-4337-91A2-ED0239B8D843}.Debug|Mixed Platforms.ActiveCfg = Debug|Any CPU
		{18B2993B-626D-4337-91A2-ED0239B8D843}.Debug|Mixed Platforms.Build.0 = Debug|Any CPU
		{18B2993B-626D-4337-91A2-ED0239B8D843}.Debug|x86.ActiveCfg = Debug|Any CPU
		{18B2993B-626D-4337-91A2-ED0239B8D843}.Release|Any CPU.ActiveCfg = Release|Any CPU
		{18B2993B-626D-4337-91A2-ED0239B8D843}.Release|Any CPU.Build.0 = Release|Any CPU
		{18B2993B-626D-4337-91A2-ED0239B8D843}.Release|Mixed Platforms.ActiveCfg = Release|Any CPU
		{18B2993B-626D-4337-91A2-ED0239B8D843}.Release|Mixed Platforms.Build.0 = Release|Any CPU
		{18B2993B-626D-4337-91A2-ED0239B8D843}.Release|x86.ActiveCfg = Release|Any CPU
		{75498FB3-D914-447A-A7A6-25CD62E63458}.Debug|Any CPU.ActiveCfg = Debug|x86
		{75498FB3-D914-447A-A7A6-25CD62E63458}.Debug|Mixed Platforms.ActiveCfg = Debug|x86
		{75498FB3-D914-447A-A7A6-25CD62E63458}.Debug|Mixed Platforms.Build.0 = Debug|x86
		{75498FB3-D914-447A-A7A6-25CD62E63458}.Debug|x86.ActiveCfg = Debug|x86
		{75498FB3-D914-447A-A7A6-25CD62E63458}.Debug|x86.Build.0 = Debug|x86
		{75498FB3-D914-447A-A7A6-25CD62E63458}.Release|Any CPU.ActiveCfg = Release|x86
		{75498FB3-D914-447A-A7A6-25CD62E63458}.Release|Mixed Platforms.ActiveCfg = Release|x86
		{75498FB3-D914-447A-A7A6-25CD62E63458}.Release|Mixed Platforms.Build.0 = Release|x86
		{75498FB3-D914-447A-A7A6-25CD62E63458}.Release|x86.ActiveCfg = Release|x86
		{75498FB3-D914-447A-A7A6-25CD62E63458}.Release|x86.Build.0 = Release|x86
		{C51BBBBE-41F2-4AF3-AFB8-E00A0BFDC915}.Debug|Any CPU.ActiveCfg = Debug|x86
		{C51BBBBE-41F2-4AF3-AFB8-E00A0BFDC915}.Debug|Mixed Platforms.ActiveCfg = Debug|x86
		{C51BBBBE-41F2-4AF3-AFB8-E00A0BFDC915}.Debug|Mixed Platforms.Build.0 = Debug|x86
		{C51BBBBE-41F2-4AF3-AFB8-E00A0BFDC915}.Debug|x86.ActiveCfg = Debug|x86
		{C51BBBBE-41F2-4AF3-AFB8-E00A0BFDC915}.Debug|x86.Build.0 = Debug|x86
		{C51BBBBE-41F2-4AF3-AFB8-E00A0BFDC915}.Release|Any CPU.ActiveCfg = Release|x86
		{C51BBBBE-41F2-4AF3-AFB8-E00A0BFDC915}.Release|Mixed Platforms.ActiveCfg = Release|x86
		{C51BBBBE-41F2-4AF3-AFB8-E00A0BFDC915}.Release|Mixed Platforms.Build.0 = Release|x86
		{C51BBBBE-41F2-4AF3-AFB8-E00A0BFDC915}.Release|x86.ActiveCfg = Release|x86
		{C51BBBBE-41F2-4AF3-AFB8-E00A0BFDC915}.Release|x86.Build.0 = Release|x86
		{A2F37986-5187-4A6F-85A0-F38F66FCF786}.Debug|Any CPU.ActiveCfg = Debug|Any CPU
		{A2F37986-5187-4A6F-85A0-F38F66FCF786}.Debug|Any CPU.Build.0 = Debug|Any CPU
		{A2F37986-5187-4A6F-85A0-F38F66FCF786}.Debug|Mixed Platforms.ActiveCfg = Debug|Any CPU
		{A2F37986-5187-4A6F-85A0-F38F66FCF786}.Debug|Mixed Platforms.Build.0 = Debug|Any CPU
		{A2F37986-5187-4A6F-85A0-F38F66FCF786}.Debug|x86.ActiveCfg = Debug|Any CPU
		{A2F37986-5187-4A6F-85A0-F38F66FCF786}.Release|Any CPU.ActiveCfg = Release|Any CPU
		{A2F37986-5187-4A6F-85A0-F38F66FCF786}.Release|Any CPU.Build.0 = Release|Any CPU
		{A2F37986-5187-4A6F-85A0-F38F66FCF786}.Release|Mixed Platforms.ActiveCfg = Release|Any CPU
		{A2F37986-5187-4A6F-85A0-F38F66FCF786}.Release|Mixed Platforms.Build.0 = Release|Any CPU
		{A2F37986-5187-4A6F-85A0-F38F66FCF786}.Release|x86.ActiveCfg = Release|Any CPU
		{AFD05BCE-8CBE-4CDB-A641-A4FA3BA678F0}.Debug|Any CPU.ActiveCfg = Debug|Any CPU
		{AFD05BCE-8CBE-4CDB-A641-A4FA3BA678F0}.Debug|Any CPU.Build.0 = Debug|Any CPU
		{AFD05BCE-8CBE-4CDB-A641-A4FA3BA678F0}.Debug|Mixed Platforms.ActiveCfg = Debug|Any CPU
		{AFD05BCE-8CBE-4CDB-A641-A4FA3BA678F0}.Debug|Mixed Platforms.Build.0 = Debug|Any CPU
		{AFD05BCE-8CBE-4CDB-A641-A4FA3BA678F0}.Debug|x86.ActiveCfg = Debug|Any CPU
		{AFD05BCE-8CBE-4CDB-A641-A4FA3BA678F0}.Release|Any CPU.ActiveCfg = Release|Any CPU
		{AFD05BCE-8CBE-4CDB-A641-A4FA3BA678F0}.Release|Any CPU.Build.0 = Release|Any CPU
		{AFD05BCE-8CBE-4CDB-A641-A4FA3BA678F0}.Release|Mixed Platforms.ActiveCfg = Release|Any CPU
		{AFD05BCE-8CBE-4CDB-A641-A4FA3BA678F0}.Release|Mixed Platforms.Build.0 = Release|Any CPU
		{AFD05BCE-8CBE-4CDB-A641-A4FA3BA678F0}.Release|x86.ActiveCfg = Release|Any CPU
	EndGlobalSection
	GlobalSection(SolutionProperties) = preSolution
		HideSolutionNode = FALSE
	EndGlobalSection
EndGlobal
