
Microsoft Visual Studio Solution File, Format Version 11.00
# Visual C# Express 2010
Project("{FAE04EC0-301F-11D3-BF4B-00C04F79EFBC}") = "Libra", "Libra\Libra.csproj", "{C16661A2-A917-456C-95CE-AFADD59474D7}"
EndProject
Project("{FAE04EC0-301F-11D3-BF4B-00C04F79EFBC}") = "Libra.Graphics", "Libra.Graphics\Libra.Graphics.csproj", "{F42E063A-DBE6-430D-BC88-3A88F33754FD}"
EndProject
Project("{FAE04EC0-301F-11D3-BF4B-00C04F79EFBC}") = "Libra.Games", "Libra.Games\Libra.Games.csproj", "{30A200CE-BC5F-4450-BDF2-EF8A30322464}"
EndProject
Project("{FAE04EC0-301F-11D3-BF4B-00C04F79EFBC}") = "Libra.Samples.MiniCube", "Libra.Samples.MiniCube\Libra.Samples.MiniCube.csproj", "{BC120E7F-186F-4690-AABF-664AF06926E4}"
EndProject
Project("{FAE04EC0-301F-11D3-BF4B-00C04F79EFBC}") = "Libra.Graphics.SharpDX", "Libra.Graphics.SharpDX\Libra.Graphics.SharpDX.csproj", "{FAEE2668-AB77-477D-9405-26D59951501D}"
EndProject
Project("{FAE04EC0-301F-11D3-BF4B-00C04F79EFBC}") = "Libra.Games.SharpDX", "Libra.Games.SharpDX\Libra.Games.SharpDX.csproj", "{18B2993B-626D-4337-91A2-ED0239B8D843}"
EndProject
Project("{FAE04EC0-301F-11D3-BF4B-00C04F79EFBC}") = "Libra.Samples.Primitives3D", "Libra.Samples.Primitives3D\Libra.Samples.Primitives3D.csproj", "{75498FB3-D914-447A-A7A6-25CD62E63458}"
EndProject
Project("{FAE04EC0-301F-11D3-BF4B-00C04F79EFBC}") = "Libra.Samples.MiniCubeIndexed", "Libra.Samples.MiniCubeIndexed\Libra.Samples.MiniCubeIndexed.csproj", "{C51BBBBE-41F2-4AF3-AFB8-E00A0BFDC915}"
EndProject
Project("{FAE04EC0-301F-11D3-BF4B-00C04F79EFBC}") = "Libra.Input", "Libra.Input\Libra.Input.csproj", "{A2F37986-5187-4A6F-85A0-F38F66FCF786}"
EndProject
Project("{FAE04EC0-301F-11D3-BF4B-00C04F79EFBC}") = "Libra.Input.SharpDX", "Libra.Input.SharpDX\Libra.Input.SharpDX.csproj", "{AFD05BCE-8CBE-4CDB-A641-A4FA3BA678F0}"
EndProject
Project("{FAE04EC0-301F-11D3-BF4B-00C04F79EFBC}") = "Libra.Input.Forms", "Libra.Input.Forms\Libra.Input.Forms.csproj", "{F9E7007E-C9BD-4C95-B9D8-8E50EDF6EAE5}"
EndProject
Project("{FAE04EC0-301F-11D3-BF4B-00C04F79EFBC}") = "Libra.Samples.BasicSprites", "Libra.Samples.BasicSprites\Libra.Samples.BasicSprites.csproj", "{91CB7A8C-08C2-402D-BADC-5851DE99B5FD}"
EndProject
Project("{FAE04EC0-301F-11D3-BF4B-00C04F79EFBC}") = "Libra.Graphics.Compiler", "Libra.Graphics.Compiler\Libra.Graphics.Compiler.csproj", "{33E88FC2-87F2-41FE-8977-55DF51119156}"
EndProject
Project("{FAE04EC0-301F-11D3-BF4B-00C04F79EFBC}") = "Libra.Content", "Libra.Content\Libra.Content.csproj", "{E73ADB43-7144-448C-B841-620A0A903600}"
EndProject
Project("{FAE04EC0-301F-11D3-BF4B-00C04F79EFBC}") = "Libra.Content.Serialization", "Libra.Content.Serialization\Libra.Content.Serialization.csproj", "{8358BC02-FE12-44B5-8BBC-6328802868E0}"
EndProject
Project("{FAE04EC0-301F-11D3-BF4B-00C04F79EFBC}") = "Libra.Content.Pipeline", "Libra.Content.Pipeline\Libra.Content.Pipeline.csproj", "{1EB74EB0-4148-4B6F-A78C-2D8508288961}"
EndProject
Project("{FAE04EC0-301F-11D3-BF4B-00C04F79EFBC}") = "Libra.Samples.ContentCompile", "Libra.Samples.ContentCompile\Libra.Samples.ContentCompile.csproj", "{B998F8B2-D578-41AE-9DD3-E94AB13548A0}"
EndProject
Project("{FAE04EC0-301F-11D3-BF4B-00C04F79EFBC}") = "Libra.Samples.Particles3D", "Libra.Samples.Particles3D\Libra.Samples.Particles3D.csproj", "{8DB72F28-F6C3-4B60-A244-E78612D4E090}"
EndProject
Project("{FAE04EC0-301F-11D3-BF4B-00C04F79EFBC}") = "Libra.Content.Xnb", "Libra.Content.Xnb\Libra.Content.Xnb.csproj", "{08A2490E-56A2-4D68-BAD8-F61380B358D0}"
EndProject
Project("{FAE04EC0-301F-11D3-BF4B-00C04F79EFBC}") = "Libra.Samples.LoadXnb", "Libra.Samples.LoadXnb\Libra.Samples.LoadXnb.csproj", "{E21D6E8F-B874-43AE-904C-106D3515D127}"
EndProject
Project("{FAE04EC0-301F-11D3-BF4B-00C04F79EFBC}") = "Libra.Samples.LoadXnbContent", "Libra.Samples.LoadXnbContent\Libra.Samples.LoadXnbContent.contentproj", "{03900ECC-2149-4642-BD5B-CC6341717473}"
EndProject
Project("{FAE04EC0-301F-11D3-BF4B-00C04F79EFBC}") = "Libra.Samples.MiniCubeTexture", "Libra.Samples.MiniCubeTexture\Libra.Samples.MiniCubeTexture.csproj", "{4DE3C38D-4F32-44FD-8A91-8B61CDD2CB31}"
EndProject
Project("{FAE04EC0-301F-11D3-BF4B-00C04F79EFBC}") = "Felis.Xnb", "Felis.Xnb\Felis.Xnb.csproj", "{BF2F1A7D-B8B1-4193-BAB1-A8466C27B7C4}"
EndProject
Project("{FAE04EC0-301F-11D3-BF4B-00C04F79EFBC}") = "Felis.Samples.ReadXnb", "Felis.Samples.ReadXnb\Felis.Samples.ReadXnb.csproj", "{3FE2B232-5E03-4F41-BF9C-2228D03C9C21}"
EndProject
Global
	GlobalSection(SolutionConfigurationPlatforms) = preSolution
		Debug|Any CPU = Debug|Any CPU
		Debug|Mixed Platforms = Debug|Mixed Platforms
		Debug|x86 = Debug|x86
		Release|Any CPU = Release|Any CPU
		Release|Mixed Platforms = Release|Mixed Platforms
		Release|x86 = Release|x86
	EndGlobalSection
	GlobalSection(ProjectConfigurationPlatforms) = postSolution
		{C16661A2-A917-456C-95CE-AFADD59474D7}.Debug|Any CPU.ActiveCfg = Debug|Any CPU
		{C16661A2-A917-456C-95CE-AFADD59474D7}.Debug|Any CPU.Build.0 = Debug|Any CPU
		{C16661A2-A917-456C-95CE-AFADD59474D7}.Debug|Mixed Platforms.ActiveCfg = Debug|Any CPU
		{C16661A2-A917-456C-95CE-AFADD59474D7}.Debug|Mixed Platforms.Build.0 = Debug|Any CPU
		{C16661A2-A917-456C-95CE-AFADD59474D7}.Debug|x86.ActiveCfg = Debug|Any CPU
		{C16661A2-A917-456C-95CE-AFADD59474D7}.Release|Any CPU.ActiveCfg = Release|Any CPU
		{C16661A2-A917-456C-95CE-AFADD59474D7}.Release|Any CPU.Build.0 = Release|Any CPU
		{C16661A2-A917-456C-95CE-AFADD59474D7}.Release|Mixed Platforms.ActiveCfg = Release|Any CPU
		{C16661A2-A917-456C-95CE-AFADD59474D7}.Release|Mixed Platforms.Build.0 = Release|Any CPU
		{C16661A2-A917-456C-95CE-AFADD59474D7}.Release|x86.ActiveCfg = Release|Any CPU
		{F42E063A-DBE6-430D-BC88-3A88F33754FD}.Debug|Any CPU.ActiveCfg = Debug|Any CPU
		{F42E063A-DBE6-430D-BC88-3A88F33754FD}.Debug|Any CPU.Build.0 = Debug|Any CPU
		{F42E063A-DBE6-430D-BC88-3A88F33754FD}.Debug|Mixed Platforms.ActiveCfg = Debug|Any CPU
		{F42E063A-DBE6-430D-BC88-3A88F33754FD}.Debug|Mixed Platforms.Build.0 = Debug|Any CPU
		{F42E063A-DBE6-430D-BC88-3A88F33754FD}.Debug|x86.ActiveCfg = Debug|Any CPU
		{F42E063A-DBE6-430D-BC88-3A88F33754FD}.Release|Any CPU.ActiveCfg = Release|Any CPU
		{F42E063A-DBE6-430D-BC88-3A88F33754FD}.Release|Any CPU.Build.0 = Release|Any CPU
		{F42E063A-DBE6-430D-BC88-3A88F33754FD}.Release|Mixed Platforms.ActiveCfg = Release|Any CPU
		{F42E063A-DBE6-430D-BC88-3A88F33754FD}.Release|Mixed Platforms.Build.0 = Release|Any CPU
		{F42E063A-DBE6-430D-BC88-3A88F33754FD}.Release|x86.ActiveCfg = Release|Any CPU
		{30A200CE-BC5F-4450-BDF2-EF8A30322464}.Debug|Any CPU.ActiveCfg = Debug|Any CPU
		{30A200CE-BC5F-4450-BDF2-EF8A30322464}.Debug|Any CPU.Build.0 = Debug|Any CPU
		{30A200CE-BC5F-4450-BDF2-EF8A30322464}.Debug|Mixed Platforms.ActiveCfg = Debug|Any CPU
		{30A200CE-BC5F-4450-BDF2-EF8A30322464}.Debug|Mixed Platforms.Build.0 = Debug|Any CPU
		{30A200CE-BC5F-4450-BDF2-EF8A30322464}.Debug|x86.ActiveCfg = Debug|Any CPU
		{30A200CE-BC5F-4450-BDF2-EF8A30322464}.Release|Any CPU.ActiveCfg = Release|Any CPU
		{30A200CE-BC5F-4450-BDF2-EF8A30322464}.Release|Any CPU.Build.0 = Release|Any CPU
		{30A200CE-BC5F-4450-BDF2-EF8A30322464}.Release|Mixed Platforms.ActiveCfg = Release|Any CPU
		{30A200CE-BC5F-4450-BDF2-EF8A30322464}.Release|Mixed Platforms.Build.0 = Release|Any CPU
		{30A200CE-BC5F-4450-BDF2-EF8A30322464}.Release|x86.ActiveCfg = Release|Any CPU
		{BC120E7F-186F-4690-AABF-664AF06926E4}.Debug|Any CPU.ActiveCfg = Debug|x86
		{BC120E7F-186F-4690-AABF-664AF06926E4}.Debug|Mixed Platforms.ActiveCfg = Debug|x86
		{BC120E7F-186F-4690-AABF-664AF06926E4}.Debug|Mixed Platforms.Build.0 = Debug|x86
		{BC120E7F-186F-4690-AABF-664AF06926E4}.Debug|x86.ActiveCfg = Debug|x86
		{BC120E7F-186F-4690-AABF-664AF06926E4}.Debug|x86.Build.0 = Debug|x86
		{BC120E7F-186F-4690-AABF-664AF06926E4}.Release|Any CPU.ActiveCfg = Release|x86
		{BC120E7F-186F-4690-AABF-664AF06926E4}.Release|Mixed Platforms.ActiveCfg = Release|x86
		{BC120E7F-186F-4690-AABF-664AF06926E4}.Release|Mixed Platforms.Build.0 = Release|x86
		{BC120E7F-186F-4690-AABF-664AF06926E4}.Release|x86.ActiveCfg = Release|x86
		{BC120E7F-186F-4690-AABF-664AF06926E4}.Release|x86.Build.0 = Release|x86
		{FAEE2668-AB77-477D-9405-26D59951501D}.Debug|Any CPU.ActiveCfg = Debug|Any CPU
		{FAEE2668-AB77-477D-9405-26D59951501D}.Debug|Any CPU.Build.0 = Debug|Any CPU
		{FAEE2668-AB77-477D-9405-26D59951501D}.Debug|Mixed Platforms.ActiveCfg = Debug|Any CPU
		{FAEE2668-AB77-477D-9405-26D59951501D}.Debug|Mixed Platforms.Build.0 = Debug|Any CPU
		{FAEE2668-AB77-477D-9405-26D59951501D}.Debug|x86.ActiveCfg = Debug|Any CPU
		{FAEE2668-AB77-477D-9405-26D59951501D}.Release|Any CPU.ActiveCfg = Release|Any CPU
		{FAEE2668-AB77-477D-9405-26D59951501D}.Release|Any CPU.Build.0 = Release|Any CPU
		{FAEE2668-AB77-477D-9405-26D59951501D}.Release|Mixed Platforms.ActiveCfg = Release|Any CPU
		{FAEE2668-AB77-477D-9405-26D59951501D}.Release|Mixed Platforms.Build.0 = Release|Any CPU
		{FAEE2668-AB77-477D-9405-26D59951501D}.Release|x86.ActiveCfg = Release|Any CPU
		{18B2993B-626D-4337-91A2-ED0239B8D843}.Debug|Any CPU.ActiveCfg = Debug|Any CPU
		{18B2993B-626D-4337-91A2-ED0239B8D843}.Debug|Any CPU.Build.0 = Debug|Any CPU
		{18B2993B-626D-4337-91A2-ED0239B8D843}.Debug|Mixed Platforms.ActiveCfg = Debug|Any CPU
		{18B2993B-626D-4337-91A2-ED0239B8D843}.Debug|Mixed Platforms.Build.0 = Debug|Any CPU
		{18B2993B-626D-4337-91A2-ED0239B8D843}.Debug|x86.ActiveCfg = Debug|Any CPU
		{18B2993B-626D-4337-91A2-ED0239B8D843}.Release|Any CPU.ActiveCfg = Release|Any CPU
		{18B2993B-626D-4337-91A2-ED0239B8D843}.Release|Any CPU.Build.0 = Release|Any CPU
		{18B2993B-626D-4337-91A2-ED0239B8D843}.Release|Mixed Platforms.ActiveCfg = Release|Any CPU
		{18B2993B-626D-4337-91A2-ED0239B8D843}.Release|Mixed Platforms.Build.0 = Release|Any CPU
		{18B2993B-626D-4337-91A2-ED0239B8D843}.Release|x86.ActiveCfg = Release|Any CPU
		{75498FB3-D914-447A-A7A6-25CD62E63458}.Debug|Any CPU.ActiveCfg = Debug|x86
		{75498FB3-D914-447A-A7A6-25CD62E63458}.Debug|Mixed Platforms.ActiveCfg = Debug|x86
		{75498FB3-D914-447A-A7A6-25CD62E63458}.Debug|Mixed Platforms.Build.0 = Debug|x86
		{75498FB3-D914-447A-A7A6-25CD62E63458}.Debug|x86.ActiveCfg = Debug|x86
		{75498FB3-D914-447A-A7A6-25CD62E63458}.Debug|x86.Build.0 = Debug|x86
		{75498FB3-D914-447A-A7A6-25CD62E63458}.Release|Any CPU.ActiveCfg = Release|x86
		{75498FB3-D914-447A-A7A6-25CD62E63458}.Release|Mixed Platforms.ActiveCfg = Release|x86
		{75498FB3-D914-447A-A7A6-25CD62E63458}.Release|Mixed Platforms.Build.0 = Release|x86
		{75498FB3-D914-447A-A7A6-25CD62E63458}.Release|x86.ActiveCfg = Release|x86
		{75498FB3-D914-447A-A7A6-25CD62E63458}.Release|x86.Build.0 = Release|x86
		{C51BBBBE-41F2-4AF3-AFB8-E00A0BFDC915}.Debug|Any CPU.ActiveCfg = Debug|x86
		{C51BBBBE-41F2-4AF3-AFB8-E00A0BFDC915}.Debug|Mixed Platforms.ActiveCfg = Debug|x86
		{C51BBBBE-41F2-4AF3-AFB8-E00A0BFDC915}.Debug|Mixed Platforms.Build.0 = Debug|x86
		{C51BBBBE-41F2-4AF3-AFB8-E00A0BFDC915}.Debug|x86.ActiveCfg = Debug|x86
		{C51BBBBE-41F2-4AF3-AFB8-E00A0BFDC915}.Debug|x86.Build.0 = Debug|x86
		{C51BBBBE-41F2-4AF3-AFB8-E00A0BFDC915}.Release|Any CPU.ActiveCfg = Release|x86
		{C51BBBBE-41F2-4AF3-AFB8-E00A0BFDC915}.Release|Mixed Platforms.ActiveCfg = Release|x86
		{C51BBBBE-41F2-4AF3-AFB8-E00A0BFDC915}.Release|Mixed Platforms.Build.0 = Release|x86
		{C51BBBBE-41F2-4AF3-AFB8-E00A0BFDC915}.Release|x86.ActiveCfg = Release|x86
		{C51BBBBE-41F2-4AF3-AFB8-E00A0BFDC915}.Release|x86.Build.0 = Release|x86
		{A2F37986-5187-4A6F-85A0-F38F66FCF786}.Debug|Any CPU.ActiveCfg = Debug|Any CPU
		{A2F37986-5187-4A6F-85A0-F38F66FCF786}.Debug|Any CPU.Build.0 = Debug|Any CPU
		{A2F37986-5187-4A6F-85A0-F38F66FCF786}.Debug|Mixed Platforms.ActiveCfg = Debug|Any CPU
		{A2F37986-5187-4A6F-85A0-F38F66FCF786}.Debug|Mixed Platforms.Build.0 = Debug|Any CPU
		{A2F37986-5187-4A6F-85A0-F38F66FCF786}.Debug|x86.ActiveCfg = Debug|Any CPU
		{A2F37986-5187-4A6F-85A0-F38F66FCF786}.Release|Any CPU.ActiveCfg = Release|Any CPU
		{A2F37986-5187-4A6F-85A0-F38F66FCF786}.Release|Any CPU.Build.0 = Release|Any CPU
		{A2F37986-5187-4A6F-85A0-F38F66FCF786}.Release|Mixed Platforms.ActiveCfg = Release|Any CPU
		{A2F37986-5187-4A6F-85A0-F38F66FCF786}.Release|Mixed Platforms.Build.0 = Release|Any CPU
		{A2F37986-5187-4A6F-85A0-F38F66FCF786}.Release|x86.ActiveCfg = Release|Any CPU
		{AFD05BCE-8CBE-4CDB-A641-A4FA3BA678F0}.Debug|Any CPU.ActiveCfg = Debug|Any CPU
		{AFD05BCE-8CBE-4CDB-A641-A4FA3BA678F0}.Debug|Any CPU.Build.0 = Debug|Any CPU
		{AFD05BCE-8CBE-4CDB-A641-A4FA3BA678F0}.Debug|Mixed Platforms.ActiveCfg = Debug|Any CPU
		{AFD05BCE-8CBE-4CDB-A641-A4FA3BA678F0}.Debug|Mixed Platforms.Build.0 = Debug|Any CPU
		{AFD05BCE-8CBE-4CDB-A641-A4FA3BA678F0}.Debug|x86.ActiveCfg = Debug|Any CPU
		{AFD05BCE-8CBE-4CDB-A641-A4FA3BA678F0}.Release|Any CPU.ActiveCfg = Release|Any CPU
		{AFD05BCE-8CBE-4CDB-A641-A4FA3BA678F0}.Release|Any CPU.Build.0 = Release|Any CPU
		{AFD05BCE-8CBE-4CDB-A641-A4FA3BA678F0}.Release|Mixed Platforms.ActiveCfg = Release|Any CPU
		{AFD05BCE-8CBE-4CDB-A641-A4FA3BA678F0}.Release|Mixed Platforms.Build.0 = Release|Any CPU
		{AFD05BCE-8CBE-4CDB-A641-A4FA3BA678F0}.Release|x86.ActiveCfg = Release|Any CPU
		{F9E7007E-C9BD-4C95-B9D8-8E50EDF6EAE5}.Debug|Any CPU.ActiveCfg = Debug|Any CPU
		{F9E7007E-C9BD-4C95-B9D8-8E50EDF6EAE5}.Debug|Any CPU.Build.0 = Debug|Any CPU
		{F9E7007E-C9BD-4C95-B9D8-8E50EDF6EAE5}.Debug|Mixed Platforms.ActiveCfg = Debug|Any CPU
		{F9E7007E-C9BD-4C95-B9D8-8E50EDF6EAE5}.Debug|Mixed Platforms.Build.0 = Debug|Any CPU
		{F9E7007E-C9BD-4C95-B9D8-8E50EDF6EAE5}.Debug|x86.ActiveCfg = Debug|Any CPU
		{F9E7007E-C9BD-4C95-B9D8-8E50EDF6EAE5}.Release|Any CPU.ActiveCfg = Release|Any CPU
		{F9E7007E-C9BD-4C95-B9D8-8E50EDF6EAE5}.Release|Any CPU.Build.0 = Release|Any CPU
		{F9E7007E-C9BD-4C95-B9D8-8E50EDF6EAE5}.Release|Mixed Platforms.ActiveCfg = Release|Any CPU
		{F9E7007E-C9BD-4C95-B9D8-8E50EDF6EAE5}.Release|Mixed Platforms.Build.0 = Release|Any CPU
		{F9E7007E-C9BD-4C95-B9D8-8E50EDF6EAE5}.Release|x86.ActiveCfg = Release|Any CPU
		{91CB7A8C-08C2-402D-BADC-5851DE99B5FD}.Debug|Any CPU.ActiveCfg = Debug|x86
		{91CB7A8C-08C2-402D-BADC-5851DE99B5FD}.Debug|Mixed Platforms.ActiveCfg = Debug|x86
		{91CB7A8C-08C2-402D-BADC-5851DE99B5FD}.Debug|Mixed Platforms.Build.0 = Debug|x86
		{91CB7A8C-08C2-402D-BADC-5851DE99B5FD}.Debug|x86.ActiveCfg = Debug|x86
		{91CB7A8C-08C2-402D-BADC-5851DE99B5FD}.Debug|x86.Build.0 = Debug|x86
		{91CB7A8C-08C2-402D-BADC-5851DE99B5FD}.Release|Any CPU.ActiveCfg = Release|x86
		{91CB7A8C-08C2-402D-BADC-5851DE99B5FD}.Release|Mixed Platforms.ActiveCfg = Release|x86
		{91CB7A8C-08C2-402D-BADC-5851DE99B5FD}.Release|Mixed Platforms.Build.0 = Release|x86
		{91CB7A8C-08C2-402D-BADC-5851DE99B5FD}.Release|x86.ActiveCfg = Release|x86
		{91CB7A8C-08C2-402D-BADC-5851DE99B5FD}.Release|x86.Build.0 = Release|x86
		{33E88FC2-87F2-41FE-8977-55DF51119156}.Debug|Any CPU.ActiveCfg = Debug|Any CPU
		{33E88FC2-87F2-41FE-8977-55DF51119156}.Debug|Any CPU.Build.0 = Debug|Any CPU
		{33E88FC2-87F2-41FE-8977-55DF51119156}.Debug|Mixed Platforms.ActiveCfg = Debug|Any CPU
		{33E88FC2-87F2-41FE-8977-55DF51119156}.Debug|Mixed Platforms.Build.0 = Debug|Any CPU
		{33E88FC2-87F2-41FE-8977-55DF51119156}.Debug|x86.ActiveCfg = Debug|Any CPU
		{33E88FC2-87F2-41FE-8977-55DF51119156}.Release|Any CPU.ActiveCfg = Release|Any CPU
		{33E88FC2-87F2-41FE-8977-55DF51119156}.Release|Any CPU.Build.0 = Release|Any CPU
		{33E88FC2-87F2-41FE-8977-55DF51119156}.Release|Mixed Platforms.ActiveCfg = Release|Any CPU
		{33E88FC2-87F2-41FE-8977-55DF51119156}.Release|Mixed Platforms.Build.0 = Release|Any CPU
		{33E88FC2-87F2-41FE-8977-55DF51119156}.Release|x86.ActiveCfg = Release|Any CPU
		{E73ADB43-7144-448C-B841-620A0A903600}.Debug|Any CPU.ActiveCfg = Debug|Any CPU
		{E73ADB43-7144-448C-B841-620A0A903600}.Debug|Any CPU.Build.0 = Debug|Any CPU
		{E73ADB43-7144-448C-B841-620A0A903600}.Debug|Mixed Platforms.ActiveCfg = Debug|Any CPU
		{E73ADB43-7144-448C-B841-620A0A903600}.Debug|Mixed Platforms.Build.0 = Debug|Any CPU
		{E73ADB43-7144-448C-B841-620A0A903600}.Debug|x86.ActiveCfg = Debug|Any CPU
		{E73ADB43-7144-448C-B841-620A0A903600}.Release|Any CPU.ActiveCfg = Release|Any CPU
		{E73ADB43-7144-448C-B841-620A0A903600}.Release|Any CPU.Build.0 = Release|Any CPU
		{E73ADB43-7144-448C-B841-620A0A903600}.Release|Mixed Platforms.ActiveCfg = Release|Any CPU
		{E73ADB43-7144-448C-B841-620A0A903600}.Release|Mixed Platforms.Build.0 = Release|Any CPU
		{E73ADB43-7144-448C-B841-620A0A903600}.Release|x86.ActiveCfg = Release|Any CPU
		{8358BC02-FE12-44B5-8BBC-6328802868E0}.Debug|Any CPU.ActiveCfg = Debug|Any CPU
		{8358BC02-FE12-44B5-8BBC-6328802868E0}.Debug|Any CPU.Build.0 = Debug|Any CPU
		{8358BC02-FE12-44B5-8BBC-6328802868E0}.Debug|Mixed Platforms.ActiveCfg = Debug|Any CPU
		{8358BC02-FE12-44B5-8BBC-6328802868E0}.Debug|Mixed Platforms.Build.0 = Debug|Any CPU
		{8358BC02-FE12-44B5-8BBC-6328802868E0}.Debug|x86.ActiveCfg = Debug|Any CPU
		{8358BC02-FE12-44B5-8BBC-6328802868E0}.Release|Any CPU.ActiveCfg = Release|Any CPU
		{8358BC02-FE12-44B5-8BBC-6328802868E0}.Release|Any CPU.Build.0 = Release|Any CPU
		{8358BC02-FE12-44B5-8BBC-6328802868E0}.Release|Mixed Platforms.ActiveCfg = Release|Any CPU
		{8358BC02-FE12-44B5-8BBC-6328802868E0}.Release|Mixed Platforms.Build.0 = Release|Any CPU
		{8358BC02-FE12-44B5-8BBC-6328802868E0}.Release|x86.ActiveCfg = Release|Any CPU
		{1EB74EB0-4148-4B6F-A78C-2D8508288961}.Debug|Any CPU.ActiveCfg = Debug|Any CPU
		{1EB74EB0-4148-4B6F-A78C-2D8508288961}.Debug|Any CPU.Build.0 = Debug|Any CPU
		{1EB74EB0-4148-4B6F-A78C-2D8508288961}.Debug|Mixed Platforms.ActiveCfg = Debug|Any CPU
		{1EB74EB0-4148-4B6F-A78C-2D8508288961}.Debug|Mixed Platforms.Build.0 = Debug|Any CPU
		{1EB74EB0-4148-4B6F-A78C-2D8508288961}.Debug|x86.ActiveCfg = Debug|Any CPU
		{1EB74EB0-4148-4B6F-A78C-2D8508288961}.Release|Any CPU.ActiveCfg = Release|Any CPU
		{1EB74EB0-4148-4B6F-A78C-2D8508288961}.Release|Any CPU.Build.0 = Release|Any CPU
		{1EB74EB0-4148-4B6F-A78C-2D8508288961}.Release|Mixed Platforms.ActiveCfg = Release|Any CPU
		{1EB74EB0-4148-4B6F-A78C-2D8508288961}.Release|Mixed Platforms.Build.0 = Release|Any CPU
		{1EB74EB0-4148-4B6F-A78C-2D8508288961}.Release|x86.ActiveCfg = Release|Any CPU
		{B998F8B2-D578-41AE-9DD3-E94AB13548A0}.Debug|Any CPU.ActiveCfg = Debug|x86
		{B998F8B2-D578-41AE-9DD3-E94AB13548A0}.Debug|Mixed Platforms.ActiveCfg = Debug|x86
		{B998F8B2-D578-41AE-9DD3-E94AB13548A0}.Debug|Mixed Platforms.Build.0 = Debug|x86
		{B998F8B2-D578-41AE-9DD3-E94AB13548A0}.Debug|x86.ActiveCfg = Debug|x86
		{B998F8B2-D578-41AE-9DD3-E94AB13548A0}.Debug|x86.Build.0 = Debug|x86
		{B998F8B2-D578-41AE-9DD3-E94AB13548A0}.Release|Any CPU.ActiveCfg = Release|x86
		{B998F8B2-D578-41AE-9DD3-E94AB13548A0}.Release|Mixed Platforms.ActiveCfg = Release|x86
		{B998F8B2-D578-41AE-9DD3-E94AB13548A0}.Release|Mixed Platforms.Build.0 = Release|x86
		{B998F8B2-D578-41AE-9DD3-E94AB13548A0}.Release|x86.ActiveCfg = Release|x86
		{B998F8B2-D578-41AE-9DD3-E94AB13548A0}.Release|x86.Build.0 = Release|x86
		{8DB72F28-F6C3-4B60-A244-E78612D4E090}.Debug|Any CPU.ActiveCfg = Debug|x86
		{8DB72F28-F6C3-4B60-A244-E78612D4E090}.Debug|Mixed Platforms.ActiveCfg = Debug|x86
		{8DB72F28-F6C3-4B60-A244-E78612D4E090}.Debug|Mixed Platforms.Build.0 = Debug|x86
		{8DB72F28-F6C3-4B60-A244-E78612D4E090}.Debug|x86.ActiveCfg = Debug|x86
		{8DB72F28-F6C3-4B60-A244-E78612D4E090}.Debug|x86.Build.0 = Debug|x86
		{8DB72F28-F6C3-4B60-A244-E78612D4E090}.Release|Any CPU.ActiveCfg = Release|x86
		{8DB72F28-F6C3-4B60-A244-E78612D4E090}.Release|Mixed Platforms.ActiveCfg = Release|x86
		{8DB72F28-F6C3-4B60-A244-E78612D4E090}.Release|Mixed Platforms.Build.0 = Release|x86
		{8DB72F28-F6C3-4B60-A244-E78612D4E090}.Release|x86.ActiveCfg = Release|x86
		{8DB72F28-F6C3-4B60-A244-E78612D4E090}.Release|x86.Build.0 = Release|x86
		{08A2490E-56A2-4D68-BAD8-F61380B358D0}.Debug|Any CPU.ActiveCfg = Debug|Any CPU
		{08A2490E-56A2-4D68-BAD8-F61380B358D0}.Debug|Any CPU.Build.0 = Debug|Any CPU
		{08A2490E-56A2-4D68-BAD8-F61380B358D0}.Debug|Mixed Platforms.ActiveCfg = Debug|Any CPU
		{08A2490E-56A2-4D68-BAD8-F61380B358D0}.Debug|Mixed Platforms.Build.0 = Debug|Any CPU
		{08A2490E-56A2-4D68-BAD8-F61380B358D0}.Debug|x86.ActiveCfg = Debug|Any CPU
		{08A2490E-56A2-4D68-BAD8-F61380B358D0}.Release|Any CPU.ActiveCfg = Release|Any CPU
		{08A2490E-56A2-4D68-BAD8-F61380B358D0}.Release|Any CPU.Build.0 = Release|Any CPU
		{08A2490E-56A2-4D68-BAD8-F61380B358D0}.Release|Mixed Platforms.ActiveCfg = Release|Any CPU
		{08A2490E-56A2-4D68-BAD8-F61380B358D0}.Release|Mixed Platforms.Build.0 = Release|Any CPU
		{08A2490E-56A2-4D68-BAD8-F61380B358D0}.Release|x86.ActiveCfg = Release|Any CPU
		{E21D6E8F-B874-43AE-904C-106D3515D127}.Debug|Any CPU.ActiveCfg = Debug|x86
		{E21D6E8F-B874-43AE-904C-106D3515D127}.Debug|Mixed Platforms.ActiveCfg = Debug|x86
		{E21D6E8F-B874-43AE-904C-106D3515D127}.Debug|Mixed Platforms.Build.0 = Debug|x86
		{E21D6E8F-B874-43AE-904C-106D3515D127}.Debug|x86.ActiveCfg = Debug|x86
		{E21D6E8F-B874-43AE-904C-106D3515D127}.Debug|x86.Build.0 = Debug|x86
		{E21D6E8F-B874-43AE-904C-106D3515D127}.Release|Any CPU.ActiveCfg = Release|x86
		{E21D6E8F-B874-43AE-904C-106D3515D127}.Release|Mixed Platforms.ActiveCfg = Release|x86
		{E21D6E8F-B874-43AE-904C-106D3515D127}.Release|Mixed Platforms.Build.0 = Release|x86
		{E21D6E8F-B874-43AE-904C-106D3515D127}.Release|x86.ActiveCfg = Release|x86
		{E21D6E8F-B874-43AE-904C-106D3515D127}.Release|x86.Build.0 = Release|x86
		{03900ECC-2149-4642-BD5B-CC6341717473}.Debug|Any CPU.ActiveCfg = Debug|Any CPU
		{03900ECC-2149-4642-BD5B-CC6341717473}.Debug|Mixed Platforms.ActiveCfg = Debug|Any CPU
		{03900ECC-2149-4642-BD5B-CC6341717473}.Debug|x86.ActiveCfg = Debug|Any CPU
		{03900ECC-2149-4642-BD5B-CC6341717473}.Release|Any CPU.ActiveCfg = Debug|Any CPU
		{03900ECC-2149-4642-BD5B-CC6341717473}.Release|Mixed Platforms.ActiveCfg = Debug|Any CPU
		{03900ECC-2149-4642-BD5B-CC6341717473}.Release|x86.ActiveCfg = Debug|Any CPU
		{4DE3C38D-4F32-44FD-8A91-8B61CDD2CB31}.Debug|Any CPU.ActiveCfg = Debug|x86
		{4DE3C38D-4F32-44FD-8A91-8B61CDD2CB31}.Debug|Mixed Platforms.ActiveCfg = Debug|x86
		{4DE3C38D-4F32-44FD-8A91-8B61CDD2CB31}.Debug|Mixed Platforms.Build.0 = Debug|x86
		{4DE3C38D-4F32-44FD-8A91-8B61CDD2CB31}.Debug|x86.ActiveCfg = Debug|x86
		{4DE3C38D-4F32-44FD-8A91-8B61CDD2CB31}.Debug|x86.Build.0 = Debug|x86
		{4DE3C38D-4F32-44FD-8A91-8B61CDD2CB31}.Release|Any CPU.ActiveCfg = Release|x86
		{4DE3C38D-4F32-44FD-8A91-8B61CDD2CB31}.Release|Mixed Platforms.ActiveCfg = Release|x86
		{4DE3C38D-4F32-44FD-8A91-8B61CDD2CB31}.Release|Mixed Platforms.Build.0 = Release|x86
		{4DE3C38D-4F32-44FD-8A91-8B61CDD2CB31}.Release|x86.ActiveCfg = Release|x86
		{4DE3C38D-4F32-44FD-8A91-8B61CDD2CB31}.Release|x86.Build.0 = Release|x86
		{BF2F1A7D-B8B1-4193-BAB1-A8466C27B7C4}.Debug|Any CPU.ActiveCfg = Debug|Any CPU
		{BF2F1A7D-B8B1-4193-BAB1-A8466C27B7C4}.Debug|Any CPU.Build.0 = Debug|Any CPU
		{BF2F1A7D-B8B1-4193-BAB1-A8466C27B7C4}.Debug|Mixed Platforms.ActiveCfg = Debug|Any CPU
		{BF2F1A7D-B8B1-4193-BAB1-A8466C27B7C4}.Debug|Mixed Platforms.Build.0 = Debug|Any CPU
		{BF2F1A7D-B8B1-4193-BAB1-A8466C27B7C4}.Debug|x86.ActiveCfg = Debug|Any CPU
		{BF2F1A7D-B8B1-4193-BAB1-A8466C27B7C4}.Release|Any CPU.ActiveCfg = Release|Any CPU
		{BF2F1A7D-B8B1-4193-BAB1-A8466C27B7C4}.Release|Any CPU.Build.0 = Release|Any CPU
		{BF2F1A7D-B8B1-4193-BAB1-A8466C27B7C4}.Release|Mixed Platforms.ActiveCfg = Release|Any CPU
		{BF2F1A7D-B8B1-4193-BAB1-A8466C27B7C4}.Release|Mixed Platforms.Build.0 = Release|Any CPU
		{BF2F1A7D-B8B1-4193-BAB1-A8466C27B7C4}.Release|x86.ActiveCfg = Release|Any CPU
		{3FE2B232-5E03-4F41-BF9C-2228D03C9C21}.Debug|Any CPU.ActiveCfg = Debug|x86
		{3FE2B232-5E03-4F41-BF9C-2228D03C9C21}.Debug|Mixed Platforms.ActiveCfg = Debug|x86
		{3FE2B232-5E03-4F41-BF9C-2228D03C9C21}.Debug|Mixed Platforms.Build.0 = Debug|x86
		{3FE2B232-5E03-4F41-BF9C-2228D03C9C21}.Debug|x86.ActiveCfg = Debug|x86
		{3FE2B232-5E03-4F41-BF9C-2228D03C9C21}.Debug|x86.Build.0 = Debug|x86
		{3FE2B232-5E03-4F41-BF9C-2228D03C9C21}.Release|Any CPU.ActiveCfg = Release|x86
		{3FE2B232-5E03-4F41-BF9C-2228D03C9C21}.Release|Mixed Platforms.ActiveCfg = Release|x86
		{3FE2B232-5E03-4F41-BF9C-2228D03C9C21}.Release|Mixed Platforms.Build.0 = Release|x86
		{3FE2B232-5E03-4F41-BF9C-2228D03C9C21}.Release|x86.ActiveCfg = Release|x86
		{3FE2B232-5E03-4F41-BF9C-2228D03C9C21}.Release|x86.Build.0 = Release|x86
	EndGlobalSection
	GlobalSection(SolutionProperties) = preSolution
		HideSolutionNode = FALSE
	EndGlobalSection
EndGlobal
